{
    "_meta": {
        "hash": {
            "sha256": "6a7ad512a1990bc8991ddf430c56fc28969cd9656fb1e1e14fbec9fc51a9e364"
        },
        "pipfile-spec": 6,
        "requires": {},
        "sources": [
            {
                "name": "pypi",
                "url": "https://pypi.org/simple",
                "verify_ssl": true
            }
        ]
    },
    "default": {
        "blake3": {
            "hashes": [
                "sha256:0625c8679203d5a1d30f859696a3fd75b2f50587984690adab839ef112f4c043",
                "sha256:0c3ce6142e385222f6de5312a9fb886270b7e63d9ffaa792571b03c4c83a7521",
                "sha256:1a086cc9401fb0b09f9b4ba14444457d9b04a6d8086cd96b45ebf252afc49109",
                "sha256:283860fe58b3a6d74e5be1ece78bbcd7de819b48476d7a534b989dd6ab49a083",
                "sha256:2a08eeb324da701b212f348e91ba5d2708c0a596bd6691207f2504f4f771644c",
                "sha256:34d7da38898ad4e0da7b8fe0bffb8c9d2788093ec202e01cd3ab24bc14049153",
                "sha256:3cc656cab955ab6c18b587a8b4faa33930fea089981f76a7c64f33e4a26c1dac",
                "sha256:46ffb411a477009dfa99a592d4408e43ff885ea7df30ed8c8f284e87866be56e",
                "sha256:47316bdc9b4689601cefcc63e00a3e015cee1fa9864463be2b4f2e12473cb47f",
                "sha256:4d99136b7f7c8adcee0f7484e74b159fd3ea58e7d1e94d5351f0e98d9cfc522f",
                "sha256:510fd32d207ef2e28df3597847d5044117d110b0e549b2e467afa30a9f3ab7ee",
                "sha256:796e65ae333831bafed5969c691ac806fe4957b6f39e52b4c3cf20f3c00c576f",
                "sha256:87a9fc37260d355569f0be751e0054e0b37e6a4ec022f4b7107ffeede419dde2",
                "sha256:931d1d0d4650a400838a7f1bf0d260209d10e9bd1981a6ed033f32361b96ab7b",
                "sha256:9633e0198174eb77196f9f8b18d75449d86e8fa234727c98d685d5404f84eb8e",
                "sha256:a51f48ec21706a22b4954fc17da72bd177d82d22ee434da0c5dc3aafeef5b8d3",
                "sha256:a6c555d882117d638830b2f5f0fd9980bcd63286ad4c9959bc16b3df77042d6f",
                "sha256:a73c5940454bd693d7172af8fad23019c2f5a9b910ed961c20bdf5a91babd9f2",
                "sha256:a95cce3e8bfd7e717f901de80068ee4b5c77dc421f83eef00cf3eddd3ec8b87a",
                "sha256:aa4989ea8f8bcfa057e50014b5b26cd8cfe0b1f06aa98d433976f45caf3a5580",
                "sha256:c6c50122d9484a97a56888f09fcbbd23fdba94c4bf1e6fdeb036b17accae9f0c",
                "sha256:d264ca87f0990f44985cf580b493508534dc6e72ace52a140cf725e42d602695",
                "sha256:d51b3da140d04cd8b680bf2b3a5dc1f0cbb4f1e62b08e3d6f3b17d75b6285c41",
                "sha256:d653623361da8db3406f4a90b39d38016f9f678e22099df0d5f8ab77efb7b4ae",
                "sha256:e0fc4914750b63bbb15f71b2092a75b24a63fd86f6fbd621a8c133795f3d6371",
                "sha256:ef534c59ae76faba1c7e1531930dadecaa7817e25aa6e6c825150c04ed243a3d",
                "sha256:f8fa53818f1170611d781aadbcae809ecc2334679212b4a4b3feabb55deb594d",
                "sha256:fb6a62ef04c5ec4dd4630615c6a22ddab16eb0b7887276b3449946c12eeb37a2",
                "sha256:fb98f18bc5e218ff1134acb3b9f0e3588ad5e6f38b7279cce4559c8ae9d780e6",
                "sha256:fe31163eb08fc3f82a2325e90cea88f2d7ad0265314a03de716f906b2a43be96"
            ],
            "index": "pypi",
            "version": "==0.4.1"
        }
    },
    "develop": {}
}
